
Microsoft Visual Studio Solution File, Format Version 12.00
# Visual Studio Version 16
VisualStudioVersion = 16.0.29025.244
MinimumVisualStudioVersion = 10.0.40219.1
Project("{FAE04EC0-301F-11D3-BF4B-00C04F79EFBC}") = "HRS.HostedServices", "HRS.HostedServices\HRS.HostedServices.csproj", "{626F9E97-E1FC-4053-A271-1649534B22EE}"
EndProject
Project("{FAE04EC0-301F-11D3-BF4B-00C04F79EFBC}") = "HRS.HostedServices.UnitTests", "HRS.HostedServices.UnitTests\HRS.HostedServices.UnitTests.csproj", "{C67A70AF-F7E0-49E4-BA9E-B2CC4D33EE1C}"
EndProject
Global
	GlobalSection(SolutionConfigurationPlatforms) = preSolution
		Debug|Any CPU = Debug|Any CPU
		Release|Any CPU = Release|Any CPU
	EndGlobalSection
	GlobalSection(ProjectConfigurationPlatforms) = postSolution
		{626F9E97-E1FC-4053-A271-1649534B22EE}.Debug|Any CPU.ActiveCfg = Debug|Any CPU
		{626F9E97-E1FC-4053-A271-1649534B22EE}.Debug|Any CPU.Build.0 = Debug|Any CPU
		{626F9E97-E1FC-4053-A271-1649534B22EE}.Release|Any CPU.ActiveCfg = Release|Any CPU
		{626F9E97-E1FC-4053-A271-1649534B22EE}.Release|Any CPU.Build.0 = Release|Any CPU
		{C67A70AF-F7E0-49E4-BA9E-B2CC4D33EE1C}.Debug|Any CPU.ActiveCfg = Debug|Any CPU
		{C67A70AF-F7E0-49E4-BA9E-B2CC4D33EE1C}.Debug|Any CPU.Build.0 = Debug|Any CPU
		{C67A70AF-F7E0-49E4-BA9E-B2CC4D33EE1C}.Release|Any CPU.ActiveCfg = Release|Any CPU
		{C67A70AF-F7E0-49E4-BA9E-B2CC4D33EE1C}.Release|Any CPU.Build.0 = Release|Any CPU
	EndGlobalSection
	GlobalSection(SolutionProperties) = preSolution
		HideSolutionNode = FALSE
	EndGlobalSection
	GlobalSection(ExtensibilityGlobals) = postSolution
		SolutionGuid = {7CA5AE13-F111-4428-95EE-6280C9D8CCE3}
	EndGlobalSection
EndGlobal
